
Microsoft Visual Studio Solution File, Format Version 12.00
# Visual Studio Version 17
VisualStudioVersion = 17.5.33530.505
MinimumVisualStudioVersion = 10.0.40219.1
Project("{FAE04EC0-301F-11D3-BF4B-00C04F79EFBC}") = "PRACTICAL", "PRACTICAL\PRACTICAL.csproj", "{0D3F6CDC-4175-492C-B232-CF5DE9DE46DB}"
EndProject
Global
	GlobalSection(SolutionConfigurationPlatforms) = preSolution
		Debug|Any CPU = Debug|Any CPU
		Release|Any CPU = Release|Any CPU
	EndGlobalSection
	GlobalSection(ProjectConfigurationPlatforms) = postSolution
		{0D3F6CDC-4175-492C-B232-CF5DE9DE46DB}.Debug|Any CPU.ActiveCfg = Debug|Any CPU
		{0D3F6CDC-4175-492C-B232-CF5DE9DE46DB}.Debug|Any CPU.Build.0 = Debug|Any CPU
		{0D3F6CDC-4175-492C-B232-CF5DE9DE46DB}.Release|Any CPU.ActiveCfg = Release|Any CPU
		{0D3F6CDC-4175-492C-B232-CF5DE9DE46DB}.Release|Any CPU.Build.0 = Release|Any CPU
	EndGlobalSection
	GlobalSection(SolutionProperties) = preSolution
		HideSolutionNode = FALSE
	EndGlobalSection
	GlobalSection(ExtensibilityGlobals) = postSolution
		SolutionGuid = {315846E7-71AF-4BE4-9DBA-1750DF956749}
	EndGlobalSection
EndGlobal
